
Microsoft Visual Studio Solution File, Format Version 12.00
# Visual Studio 2012
Project("{FAE04EC0-301F-11D3-BF4B-00C04F79EFBC}") = "CombinationsOfLengthKPart2", "CombinationsOfLengthKPart2\CombinationsOfLengthKPart2.csproj", "{2F7ED8F8-CC83-4884-A085-F46AA6E46629}"
EndProject
Global
	GlobalSection(SolutionConfigurationPlatforms) = preSolution
		Debug|Any CPU = Debug|Any CPU
		Release|Any CPU = Release|Any CPU
	EndGlobalSection
	GlobalSection(ProjectConfigurationPlatforms) = postSolution
		{2F7ED8F8-CC83-4884-A085-F46AA6E46629}.Debug|Any CPU.ActiveCfg = Debug|Any CPU
		{2F7ED8F8-CC83-4884-A085-F46AA6E46629}.Debug|Any CPU.Build.0 = Debug|Any CPU
		{2F7ED8F8-CC83-4884-A085-F46AA6E46629}.Release|Any CPU.ActiveCfg = Release|Any CPU
		{2F7ED8F8-CC83-4884-A085-F46AA6E46629}.Release|Any CPU.Build.0 = Release|Any CPU
	EndGlobalSection
	GlobalSection(SolutionProperties) = preSolution
		HideSolutionNode = FALSE
	EndGlobalSection
EndGlobal
